
Microsoft Visual Studio Solution File, Format Version 12.00
# Visual Studio Version 16
VisualStudioVersion = 16.0.31112.23
MinimumVisualStudioVersion = 10.0.40219.1
Project("{FAE04EC0-301F-11D3-BF4B-00C04F79EFBC}") = "Kalkulator Sederhana", "Kalkulator Sederhana\Kalkulator Sederhana.csproj", "{81A69784-FCA0-4390-A0AE-1D93381BBE87}"
EndProject
Global
	GlobalSection(SolutionConfigurationPlatforms) = preSolution
		Debug|Any CPU = Debug|Any CPU
		Release|Any CPU = Release|Any CPU
	EndGlobalSection
	GlobalSection(ProjectConfigurationPlatforms) = postSolution
		{81A69784-FCA0-4390-A0AE-1D93381BBE87}.Debug|Any CPU.ActiveCfg = Debug|Any CPU
		{81A69784-FCA0-4390-A0AE-1D93381BBE87}.Debug|Any CPU.Build.0 = Debug|Any CPU
		{81A69784-FCA0-4390-A0AE-1D93381BBE87}.Release|Any CPU.ActiveCfg = Release|Any CPU
		{81A69784-FCA0-4390-A0AE-1D93381BBE87}.Release|Any CPU.Build.0 = Release|Any CPU
	EndGlobalSection
	GlobalSection(SolutionProperties) = preSolution
		HideSolutionNode = FALSE
	EndGlobalSection
	GlobalSection(ExtensibilityGlobals) = postSolution
		SolutionGuid = {66A97C7A-D4CB-40E1-BF02-17045934A78B}
	EndGlobalSection
EndGlobal
